
Microsoft Visual Studio Solution File, Format Version 12.00
# Visual Studio Version 17
VisualStudioVersion = 17.9.34723.18
MinimumVisualStudioVersion = 10.0.40219.1
Project("{8BC9CEB8-8B4A-11D0-8D11-00A0C91BC942}") = "Katarina_Lukic_CSCN73030_Assignment2", "Katarina_Lukic_CSCN73030_Assignment2\Katarina_Lukic_CSCN73030_Assignment2.vcxproj", "{73EE5289-EC7E-474A-864F-497572E11F20}"
EndProject
Global
	GlobalSection(SolutionConfigurationPlatforms) = preSolution
		Debug|x64 = Debug|x64
		Debug|x86 = Debug|x86
		Release|x64 = Release|x64
		Release|x86 = Release|x86
	EndGlobalSection
	GlobalSection(ProjectConfigurationPlatforms) = postSolution
		{73EE5289-EC7E-474A-864F-497572E11F20}.Debug|x64.ActiveCfg = Debug|x64
		{73EE5289-EC7E-474A-864F-497572E11F20}.Debug|x64.Build.0 = Debug|x64
		{73EE5289-EC7E-474A-864F-497572E11F20}.Debug|x86.ActiveCfg = Debug|Win32
		{73EE5289-EC7E-474A-864F-497572E11F20}.Debug|x86.Build.0 = Debug|Win32
		{73EE5289-EC7E-474A-864F-497572E11F20}.Release|x64.ActiveCfg = Release|x64
		{73EE5289-EC7E-474A-864F-497572E11F20}.Release|x64.Build.0 = Release|x64
		{73EE5289-EC7E-474A-864F-497572E11F20}.Release|x86.ActiveCfg = Release|Win32
		{73EE5289-EC7E-474A-864F-497572E11F20}.Release|x86.Build.0 = Release|Win32
	EndGlobalSection
	GlobalSection(SolutionProperties) = preSolution
		HideSolutionNode = FALSE
	EndGlobalSection
	GlobalSection(ExtensibilityGlobals) = postSolution
		SolutionGuid = {2D4CD071-C18A-49B7-8B1C-8DFFF01FDFC9}
	EndGlobalSection
EndGlobal
